
Microsoft Visual Studio Solution File, Format Version 12.00
# Visual Studio Version 17
VisualStudioVersion = 17.1.32210.238
MinimumVisualStudioVersion = 10.0.40219.1
Project("{F184B08F-C81C-45F6-A57F-5ABD9991F28F}") = "Projeto_VB_12D", "Projeto_VB_12D\Projeto_VB_12D.vbproj", "{D5C75B58-DC36-4477-97C9-EDBBE7228F04}"
EndProject
Global
	GlobalSection(SolutionConfigurationPlatforms) = preSolution
		Debug|Any CPU = Debug|Any CPU
		Release|Any CPU = Release|Any CPU
	EndGlobalSection
	GlobalSection(ProjectConfigurationPlatforms) = postSolution
		{D5C75B58-DC36-4477-97C9-EDBBE7228F04}.Debug|Any CPU.ActiveCfg = Debug|Any CPU
		{D5C75B58-DC36-4477-97C9-EDBBE7228F04}.Debug|Any CPU.Build.0 = Debug|Any CPU
		{D5C75B58-DC36-4477-97C9-EDBBE7228F04}.Release|Any CPU.ActiveCfg = Release|Any CPU
		{D5C75B58-DC36-4477-97C9-EDBBE7228F04}.Release|Any CPU.Build.0 = Release|Any CPU
	EndGlobalSection
	GlobalSection(SolutionProperties) = preSolution
		HideSolutionNode = FALSE
	EndGlobalSection
	GlobalSection(ExtensibilityGlobals) = postSolution
		SolutionGuid = {20BE951D-3174-44CE-86AC-9459CDD21432}
	EndGlobalSection
EndGlobal
